{
  "requires": true,
  "lockfileVersion": 1,
  "dependencies": {
    "mat-ngx-wig": {
      "version": "7.1.0",
      "resolved": "https://registry.npmjs.org/mat-ngx-wig/-/mat-ngx-wig-7.1.0.tgz",
      "integrity": "sha512-GDiMMfjTHaJbIQOi2AQhBtx+Z8NpkwvYlIHrel9PsxyQtjdqnMH9Rn5SspbW+sI+Pooec5cyxV7viM/eVlEPQA==",
      "requires": {
        "tslib": "^1.9.0"
      }
    },
    "tslib": {
      "version": "1.9.3",
      "resolved": "https://registry.npmjs.org/tslib/-/tslib-1.9.3.tgz",
      "integrity": "sha512-4krF8scpejhaOgqzBEcGM7yDIEfi0/8+8zDRZhNZZ2kjmHJ4hv3zCbQWxoJGz1iw5U0Jl0nma13xzHXcncMavQ=="
    }
  }
}
